
Microsoft Visual Studio Solution File, Format Version 12.00
# Visual Studio 15
VisualStudioVersion = 15.0.28307.329
MinimumVisualStudioVersion = 10.0.40219.1
Project("{F184B08F-C81C-45F6-A57F-5ABD9991F28F}") = "ドラッグで数値を変更できるようにする", "ドラッグで数値を変更できるようにする\ドラッグで数値を変更できるようにする.vbproj", "{45602AC6-8217-40F1-8D37-2F2D30E9AB40}"
EndProject
Global
	GlobalSection(SolutionConfigurationPlatforms) = preSolution
		Debug|Any CPU = Debug|Any CPU
		Release|Any CPU = Release|Any CPU
	EndGlobalSection
	GlobalSection(ProjectConfigurationPlatforms) = postSolution
		{45602AC6-8217-40F1-8D37-2F2D30E9AB40}.Debug|Any CPU.ActiveCfg = Debug|Any CPU
		{45602AC6-8217-40F1-8D37-2F2D30E9AB40}.Debug|Any CPU.Build.0 = Debug|Any CPU
		{45602AC6-8217-40F1-8D37-2F2D30E9AB40}.Release|Any CPU.ActiveCfg = Release|Any CPU
		{45602AC6-8217-40F1-8D37-2F2D30E9AB40}.Release|Any CPU.Build.0 = Release|Any CPU
	EndGlobalSection
	GlobalSection(SolutionProperties) = preSolution
		HideSolutionNode = FALSE
	EndGlobalSection
	GlobalSection(ExtensibilityGlobals) = postSolution
		SolutionGuid = {7743E1D6-FF6D-4E31-8B42-E63C0280C6BE}
	EndGlobalSection
EndGlobal
