
Microsoft Visual Studio Solution File, Format Version 12.00
# Visual Studio 15
VisualStudioVersion = 15.0.28307.329
MinimumVisualStudioVersion = 10.0.40219.1
Project("{F184B08F-C81C-45F6-A57F-5ABD9991F28F}") = "ショートカットメニューを付ける", "ショートカットメニューを付ける\ショートカットメニューを付ける.vbproj", "{D8B697A2-1A8A-4F43-ACF8-CB6FBFA56814}"
EndProject
Global
	GlobalSection(SolutionConfigurationPlatforms) = preSolution
		Debug|Any CPU = Debug|Any CPU
		Release|Any CPU = Release|Any CPU
	EndGlobalSection
	GlobalSection(ProjectConfigurationPlatforms) = postSolution
		{D8B697A2-1A8A-4F43-ACF8-CB6FBFA56814}.Debug|Any CPU.ActiveCfg = Debug|Any CPU
		{D8B697A2-1A8A-4F43-ACF8-CB6FBFA56814}.Debug|Any CPU.Build.0 = Debug|Any CPU
		{D8B697A2-1A8A-4F43-ACF8-CB6FBFA56814}.Release|Any CPU.ActiveCfg = Release|Any CPU
		{D8B697A2-1A8A-4F43-ACF8-CB6FBFA56814}.Release|Any CPU.Build.0 = Release|Any CPU
	EndGlobalSection
	GlobalSection(SolutionProperties) = preSolution
		HideSolutionNode = FALSE
	EndGlobalSection
	GlobalSection(ExtensibilityGlobals) = postSolution
		SolutionGuid = {8CA1F7A0-075A-49E7-8649-466D2963360D}
	EndGlobalSection
EndGlobal
