
Microsoft Visual Studio Solution File, Format Version 12.00
# Visual Studio 15
VisualStudioVersion = 15.0.28307.329
MinimumVisualStudioVersion = 10.0.40219.1
Project("{F184B08F-C81C-45F6-A57F-5ABD9991F28F}") = "リッチテキストボックスにファイルの内容を表示する", "リッチテキストボックスにファイルの内容を表示する\リッチテキストボックスにファイルの内容を表示する.vbproj", "{F176C8A8-1A22-46A7-80BB-EC0CFD219176}"
EndProject
Global
	GlobalSection(SolutionConfigurationPlatforms) = preSolution
		Debug|Any CPU = Debug|Any CPU
		Release|Any CPU = Release|Any CPU
	EndGlobalSection
	GlobalSection(ProjectConfigurationPlatforms) = postSolution
		{F176C8A8-1A22-46A7-80BB-EC0CFD219176}.Debug|Any CPU.ActiveCfg = Debug|Any CPU
		{F176C8A8-1A22-46A7-80BB-EC0CFD219176}.Debug|Any CPU.Build.0 = Debug|Any CPU
		{F176C8A8-1A22-46A7-80BB-EC0CFD219176}.Release|Any CPU.ActiveCfg = Release|Any CPU
		{F176C8A8-1A22-46A7-80BB-EC0CFD219176}.Release|Any CPU.Build.0 = Release|Any CPU
	EndGlobalSection
	GlobalSection(SolutionProperties) = preSolution
		HideSolutionNode = FALSE
	EndGlobalSection
	GlobalSection(ExtensibilityGlobals) = postSolution
		SolutionGuid = {9199DA17-808D-44E4-8CA2-299E4E006A93}
	EndGlobalSection
EndGlobal
