
Microsoft Visual Studio Solution File, Format Version 12.00
# Visual Studio 15
VisualStudioVersion = 15.0.28307.329
MinimumVisualStudioVersion = 10.0.40219.1
Project("{F184B08F-C81C-45F6-A57F-5ABD9991F28F}") = "DataGridViewコントロールの指定列を読み取り専用にする", "DataGridViewコントロールの指定列を読み取り専用にする\DataGridViewコントロールの指定列を読み取り専用にする.vbproj", "{504B816B-A549-4B54-B9F4-AF7D4BF3AFD4}"
EndProject
Global
	GlobalSection(SolutionConfigurationPlatforms) = preSolution
		Debug|Any CPU = Debug|Any CPU
		Release|Any CPU = Release|Any CPU
	EndGlobalSection
	GlobalSection(ProjectConfigurationPlatforms) = postSolution
		{504B816B-A549-4B54-B9F4-AF7D4BF3AFD4}.Debug|Any CPU.ActiveCfg = Debug|Any CPU
		{504B816B-A549-4B54-B9F4-AF7D4BF3AFD4}.Debug|Any CPU.Build.0 = Debug|Any CPU
		{504B816B-A549-4B54-B9F4-AF7D4BF3AFD4}.Release|Any CPU.ActiveCfg = Release|Any CPU
		{504B816B-A549-4B54-B9F4-AF7D4BF3AFD4}.Release|Any CPU.Build.0 = Release|Any CPU
	EndGlobalSection
	GlobalSection(SolutionProperties) = preSolution
		HideSolutionNode = FALSE
	EndGlobalSection
	GlobalSection(ExtensibilityGlobals) = postSolution
		SolutionGuid = {838D37B6-0C7F-42D1-AAC2-F2BB25742392}
	EndGlobalSection
EndGlobal
