
Microsoft Visual Studio Solution File, Format Version 12.00
# Visual Studio 15
VisualStudioVersion = 15.0.28307.329
MinimumVisualStudioVersion = 10.0.40219.1
Project("{F184B08F-C81C-45F6-A57F-5ABD9991F28F}") = "MDIフォームを作成する", "MDIフォームを作成する\MDIフォームを作成する.vbproj", "{46B746ED-E598-4B08-91F6-C56C42D86ADA}"
EndProject
Global
	GlobalSection(SolutionConfigurationPlatforms) = preSolution
		Debug|Any CPU = Debug|Any CPU
		Release|Any CPU = Release|Any CPU
	EndGlobalSection
	GlobalSection(ProjectConfigurationPlatforms) = postSolution
		{46B746ED-E598-4B08-91F6-C56C42D86ADA}.Debug|Any CPU.ActiveCfg = Debug|Any CPU
		{46B746ED-E598-4B08-91F6-C56C42D86ADA}.Debug|Any CPU.Build.0 = Debug|Any CPU
		{46B746ED-E598-4B08-91F6-C56C42D86ADA}.Release|Any CPU.ActiveCfg = Release|Any CPU
		{46B746ED-E598-4B08-91F6-C56C42D86ADA}.Release|Any CPU.Build.0 = Release|Any CPU
	EndGlobalSection
	GlobalSection(SolutionProperties) = preSolution
		HideSolutionNode = FALSE
	EndGlobalSection
	GlobalSection(ExtensibilityGlobals) = postSolution
		SolutionGuid = {728830B1-BFD6-4405-AB64-C053D7FADAF1}
	EndGlobalSection
EndGlobal
