
Microsoft Visual Studio Solution File, Format Version 12.00
# Visual Studio 15
VisualStudioVersion = 15.0.28307.329
MinimumVisualStudioVersion = 10.0.40219.1
Project("{F184B08F-C81C-45F6-A57F-5ABD9991F28F}") = "キーでソートした、型指定したキーと値のコレクションを作成する", "キーでソートした、型指定したキーと値のコレクションを作成する\キーでソートした、型指定したキーと値のコレクションを作成する.vbproj", "{6ADD31F9-8DD5-4971-8BF6-C66FD8071630}"
EndProject
Global
	GlobalSection(SolutionConfigurationPlatforms) = preSolution
		Debug|Any CPU = Debug|Any CPU
		Release|Any CPU = Release|Any CPU
	EndGlobalSection
	GlobalSection(ProjectConfigurationPlatforms) = postSolution
		{6ADD31F9-8DD5-4971-8BF6-C66FD8071630}.Debug|Any CPU.ActiveCfg = Debug|Any CPU
		{6ADD31F9-8DD5-4971-8BF6-C66FD8071630}.Debug|Any CPU.Build.0 = Debug|Any CPU
		{6ADD31F9-8DD5-4971-8BF6-C66FD8071630}.Release|Any CPU.ActiveCfg = Release|Any CPU
		{6ADD31F9-8DD5-4971-8BF6-C66FD8071630}.Release|Any CPU.Build.0 = Release|Any CPU
	EndGlobalSection
	GlobalSection(SolutionProperties) = preSolution
		HideSolutionNode = FALSE
	EndGlobalSection
	GlobalSection(ExtensibilityGlobals) = postSolution
		SolutionGuid = {BF50D22C-909E-4E94-858C-69EEA2554FFB}
	EndGlobalSection
EndGlobal
