
Microsoft Visual Studio Solution File, Format Version 12.00
# Visual Studio 15
VisualStudioVersion = 15.0.28307.329
MinimumVisualStudioVersion = 10.0.40219.1
Project("{F184B08F-C81C-45F6-A57F-5ABD9991F28F}") = "文字列の前後のスペースを削除する", "文字列の前後のスペースを削除する\文字列の前後のスペースを削除する.vbproj", "{46E3E2BC-20BE-42FA-B0ED-233C36D50073}"
EndProject
Global
	GlobalSection(SolutionConfigurationPlatforms) = preSolution
		Debug|Any CPU = Debug|Any CPU
		Release|Any CPU = Release|Any CPU
	EndGlobalSection
	GlobalSection(ProjectConfigurationPlatforms) = postSolution
		{46E3E2BC-20BE-42FA-B0ED-233C36D50073}.Debug|Any CPU.ActiveCfg = Debug|Any CPU
		{46E3E2BC-20BE-42FA-B0ED-233C36D50073}.Debug|Any CPU.Build.0 = Debug|Any CPU
		{46E3E2BC-20BE-42FA-B0ED-233C36D50073}.Release|Any CPU.ActiveCfg = Release|Any CPU
		{46E3E2BC-20BE-42FA-B0ED-233C36D50073}.Release|Any CPU.Build.0 = Release|Any CPU
	EndGlobalSection
	GlobalSection(SolutionProperties) = preSolution
		HideSolutionNode = FALSE
	EndGlobalSection
	GlobalSection(ExtensibilityGlobals) = postSolution
		SolutionGuid = {34A648B2-EF4D-43DE-A068-3520ED936166}
	EndGlobalSection
EndGlobal
