
Microsoft Visual Studio Solution File, Format Version 12.00
# Visual Studio 15
VisualStudioVersion = 15.0.28307.329
MinimumVisualStudioVersion = 10.0.40219.1
Project("{F184B08F-C81C-45F6-A57F-5ABD9991F28F}") = "テーブルにレコードを追加する", "テーブルにレコードを追加する\テーブルにレコードを追加する.vbproj", "{E55BDD9B-266E-4C7A-9C5E-667DE6571BB3}"
EndProject
Global
	GlobalSection(SolutionConfigurationPlatforms) = preSolution
		Debug|Any CPU = Debug|Any CPU
		Release|Any CPU = Release|Any CPU
	EndGlobalSection
	GlobalSection(ProjectConfigurationPlatforms) = postSolution
		{E55BDD9B-266E-4C7A-9C5E-667DE6571BB3}.Debug|Any CPU.ActiveCfg = Debug|Any CPU
		{E55BDD9B-266E-4C7A-9C5E-667DE6571BB3}.Debug|Any CPU.Build.0 = Debug|Any CPU
		{E55BDD9B-266E-4C7A-9C5E-667DE6571BB3}.Release|Any CPU.ActiveCfg = Release|Any CPU
		{E55BDD9B-266E-4C7A-9C5E-667DE6571BB3}.Release|Any CPU.Build.0 = Release|Any CPU
	EndGlobalSection
	GlobalSection(SolutionProperties) = preSolution
		HideSolutionNode = FALSE
	EndGlobalSection
	GlobalSection(ExtensibilityGlobals) = postSolution
		SolutionGuid = {36BB8D73-E53F-4629-B801-71447714ED01}
	EndGlobalSection
EndGlobal
