
Microsoft Visual Studio Solution File, Format Version 12.00
# Visual Studio 15
VisualStudioVersion = 15.0.28307.329
MinimumVisualStudioVersion = 10.0.40219.1
Project("{F184B08F-C81C-45F6-A57F-5ABD9991F28F}") = "テーブルのレコードを参照する", "テーブルのレコードを参照する\テーブルのレコードを参照する.vbproj", "{97EC2A0D-79A0-452C-B1D3-4102B885AB70}"
EndProject
Global
	GlobalSection(SolutionConfigurationPlatforms) = preSolution
		Debug|Any CPU = Debug|Any CPU
		Release|Any CPU = Release|Any CPU
	EndGlobalSection
	GlobalSection(ProjectConfigurationPlatforms) = postSolution
		{97EC2A0D-79A0-452C-B1D3-4102B885AB70}.Debug|Any CPU.ActiveCfg = Debug|Any CPU
		{97EC2A0D-79A0-452C-B1D3-4102B885AB70}.Debug|Any CPU.Build.0 = Debug|Any CPU
		{97EC2A0D-79A0-452C-B1D3-4102B885AB70}.Release|Any CPU.ActiveCfg = Release|Any CPU
		{97EC2A0D-79A0-452C-B1D3-4102B885AB70}.Release|Any CPU.Build.0 = Release|Any CPU
	EndGlobalSection
	GlobalSection(SolutionProperties) = preSolution
		HideSolutionNode = FALSE
	EndGlobalSection
	GlobalSection(ExtensibilityGlobals) = postSolution
		SolutionGuid = {5ADA8DE4-B3C0-4402-9DBB-5D42415D44F6}
	EndGlobalSection
EndGlobal
