
Microsoft Visual Studio Solution File, Format Version 12.00
# Visual Studio 15
VisualStudioVersion = 15.0.28307.329
MinimumVisualStudioVersion = 10.0.40219.1
Project("{F184B08F-C81C-45F6-A57F-5ABD9991F28F}") = "LINQでXMLを扱う", "LINQでXMLを扱う\LINQでXMLを扱う.vbproj", "{894B2F98-59A5-49F8-B0EB-A9E63A5B9155}"
EndProject
Global
	GlobalSection(SolutionConfigurationPlatforms) = preSolution
		Debug|Any CPU = Debug|Any CPU
		Release|Any CPU = Release|Any CPU
	EndGlobalSection
	GlobalSection(ProjectConfigurationPlatforms) = postSolution
		{894B2F98-59A5-49F8-B0EB-A9E63A5B9155}.Debug|Any CPU.ActiveCfg = Debug|Any CPU
		{894B2F98-59A5-49F8-B0EB-A9E63A5B9155}.Debug|Any CPU.Build.0 = Debug|Any CPU
		{894B2F98-59A5-49F8-B0EB-A9E63A5B9155}.Release|Any CPU.ActiveCfg = Release|Any CPU
		{894B2F98-59A5-49F8-B0EB-A9E63A5B9155}.Release|Any CPU.Build.0 = Release|Any CPU
	EndGlobalSection
	GlobalSection(SolutionProperties) = preSolution
		HideSolutionNode = FALSE
	EndGlobalSection
	GlobalSection(ExtensibilityGlobals) = postSolution
		SolutionGuid = {59DF2305-36D2-4029-BC86-F4D8EE2B47A0}
	EndGlobalSection
EndGlobal
