
Microsoft Visual Studio Solution File, Format Version 12.00
# Visual Studio 15
VisualStudioVersion = 15.0.28307.329
MinimumVisualStudioVersion = 10.0.40219.1
Project("{F184B08F-C81C-45F6-A57F-5ABD9991F28F}") = "LINQで配列を扱う", "LINQで配列を扱う\LINQで配列を扱う.vbproj", "{D6CFF2F5-72DD-4EE2-9630-D523567A14B8}"
EndProject
Global
	GlobalSection(SolutionConfigurationPlatforms) = preSolution
		Debug|Any CPU = Debug|Any CPU
		Release|Any CPU = Release|Any CPU
	EndGlobalSection
	GlobalSection(ProjectConfigurationPlatforms) = postSolution
		{D6CFF2F5-72DD-4EE2-9630-D523567A14B8}.Debug|Any CPU.ActiveCfg = Debug|Any CPU
		{D6CFF2F5-72DD-4EE2-9630-D523567A14B8}.Debug|Any CPU.Build.0 = Debug|Any CPU
		{D6CFF2F5-72DD-4EE2-9630-D523567A14B8}.Release|Any CPU.ActiveCfg = Release|Any CPU
		{D6CFF2F5-72DD-4EE2-9630-D523567A14B8}.Release|Any CPU.Build.0 = Release|Any CPU
	EndGlobalSection
	GlobalSection(SolutionProperties) = preSolution
		HideSolutionNode = FALSE
	EndGlobalSection
	GlobalSection(ExtensibilityGlobals) = postSolution
		SolutionGuid = {7986F4E7-3AFA-4769-908F-1B4CF0329620}
	EndGlobalSection
EndGlobal
