
Microsoft Visual Studio Solution File, Format Version 12.00
# Visual Studio 15
VisualStudioVersion = 15.0.28307.329
MinimumVisualStudioVersion = 10.0.40219.1
Project("{F184B08F-C81C-45F6-A57F-5ABD9991F28F}") = "コレクションまたは配列に対して処理を繰り返す", "コレクションまたは配列に対して処理を繰り返す\コレクションまたは配列に対して処理を繰り返す.vbproj", "{C8E88F39-983D-413A-86D7-F6DE227C8073}"
EndProject
Global
	GlobalSection(SolutionConfigurationPlatforms) = preSolution
		Debug|Any CPU = Debug|Any CPU
		Release|Any CPU = Release|Any CPU
	EndGlobalSection
	GlobalSection(ProjectConfigurationPlatforms) = postSolution
		{C8E88F39-983D-413A-86D7-F6DE227C8073}.Debug|Any CPU.ActiveCfg = Debug|Any CPU
		{C8E88F39-983D-413A-86D7-F6DE227C8073}.Debug|Any CPU.Build.0 = Debug|Any CPU
		{C8E88F39-983D-413A-86D7-F6DE227C8073}.Release|Any CPU.ActiveCfg = Release|Any CPU
		{C8E88F39-983D-413A-86D7-F6DE227C8073}.Release|Any CPU.Build.0 = Release|Any CPU
	EndGlobalSection
	GlobalSection(SolutionProperties) = preSolution
		HideSolutionNode = FALSE
	EndGlobalSection
	GlobalSection(ExtensibilityGlobals) = postSolution
		SolutionGuid = {5AA3AE9A-EA36-43CE-A85E-D44952A2C728}
	EndGlobalSection
EndGlobal
