
Microsoft Visual Studio Solution File, Format Version 12.00
# Visual Studio 15
VisualStudioVersion = 15.0.28307.329
MinimumVisualStudioVersion = 10.0.40219.1
Project("{F184B08F-C81C-45F6-A57F-5ABD9991F28F}") = "データベースに新規テーブルを作成する", "データベースに新規テーブルを作成する\データベースに新規テーブルを作成する.vbproj", "{7C9CAD8F-7CEB-4212-A2D7-06247411D822}"
EndProject
Global
	GlobalSection(SolutionConfigurationPlatforms) = preSolution
		Debug|Any CPU = Debug|Any CPU
		Release|Any CPU = Release|Any CPU
	EndGlobalSection
	GlobalSection(ProjectConfigurationPlatforms) = postSolution
		{7C9CAD8F-7CEB-4212-A2D7-06247411D822}.Debug|Any CPU.ActiveCfg = Debug|Any CPU
		{7C9CAD8F-7CEB-4212-A2D7-06247411D822}.Debug|Any CPU.Build.0 = Debug|Any CPU
		{7C9CAD8F-7CEB-4212-A2D7-06247411D822}.Release|Any CPU.ActiveCfg = Release|Any CPU
		{7C9CAD8F-7CEB-4212-A2D7-06247411D822}.Release|Any CPU.Build.0 = Release|Any CPU
	EndGlobalSection
	GlobalSection(SolutionProperties) = preSolution
		HideSolutionNode = FALSE
	EndGlobalSection
	GlobalSection(ExtensibilityGlobals) = postSolution
		SolutionGuid = {1107079F-1542-4FDA-87DC-17F4EF4A4CBE}
	EndGlobalSection
EndGlobal
