
Microsoft Visual Studio Solution File, Format Version 12.00
# Visual Studio 15
VisualStudioVersion = 15.0.28307.329
MinimumVisualStudioVersion = 10.0.40219.1
Project("{F184B08F-C81C-45F6-A57F-5ABD9991F28F}") = "オブジェクト生成時にプロパティの値を代入する", "オブジェクト生成時にプロパティの値を代入する\オブジェクト生成時にプロパティの値を代入する.vbproj", "{6BE90DAD-A183-4158-A7F5-85D8F4C2F98C}"
EndProject
Global
	GlobalSection(SolutionConfigurationPlatforms) = preSolution
		Debug|Any CPU = Debug|Any CPU
		Release|Any CPU = Release|Any CPU
	EndGlobalSection
	GlobalSection(ProjectConfigurationPlatforms) = postSolution
		{6BE90DAD-A183-4158-A7F5-85D8F4C2F98C}.Debug|Any CPU.ActiveCfg = Debug|Any CPU
		{6BE90DAD-A183-4158-A7F5-85D8F4C2F98C}.Debug|Any CPU.Build.0 = Debug|Any CPU
		{6BE90DAD-A183-4158-A7F5-85D8F4C2F98C}.Release|Any CPU.ActiveCfg = Release|Any CPU
		{6BE90DAD-A183-4158-A7F5-85D8F4C2F98C}.Release|Any CPU.Build.0 = Release|Any CPU
	EndGlobalSection
	GlobalSection(SolutionProperties) = preSolution
		HideSolutionNode = FALSE
	EndGlobalSection
	GlobalSection(ExtensibilityGlobals) = postSolution
		SolutionGuid = {943D4161-5326-4041-ACD7-34999F054474}
	EndGlobalSection
EndGlobal
