
Microsoft Visual Studio Solution File, Format Version 12.00
# Visual Studio 15
VisualStudioVersion = 15.0.28307.329
MinimumVisualStudioVersion = 10.0.40219.1
Project("{F184B08F-C81C-45F6-A57F-5ABD9991F28F}") = "リッチテキストボックスの編集を元に戻す", "リッチテキストボックスの編集を元に戻す\リッチテキストボックスの編集を元に戻す.vbproj", "{02163F76-641F-4737-A309-151B14A462C8}"
EndProject
Global
	GlobalSection(SolutionConfigurationPlatforms) = preSolution
		Debug|Any CPU = Debug|Any CPU
		Release|Any CPU = Release|Any CPU
	EndGlobalSection
	GlobalSection(ProjectConfigurationPlatforms) = postSolution
		{02163F76-641F-4737-A309-151B14A462C8}.Debug|Any CPU.ActiveCfg = Debug|Any CPU
		{02163F76-641F-4737-A309-151B14A462C8}.Debug|Any CPU.Build.0 = Debug|Any CPU
		{02163F76-641F-4737-A309-151B14A462C8}.Release|Any CPU.ActiveCfg = Release|Any CPU
		{02163F76-641F-4737-A309-151B14A462C8}.Release|Any CPU.Build.0 = Release|Any CPU
	EndGlobalSection
	GlobalSection(SolutionProperties) = preSolution
		HideSolutionNode = FALSE
	EndGlobalSection
	GlobalSection(ExtensibilityGlobals) = postSolution
		SolutionGuid = {B009CD60-4D2F-4E33-AFA8-4ECDD07D224A}
	EndGlobalSection
EndGlobal
