
Microsoft Visual Studio Solution File, Format Version 12.00
# Visual Studio 15
VisualStudioVersion = 15.0.28307.329
MinimumVisualStudioVersion = 10.0.40219.1
Project("{F184B08F-C81C-45F6-A57F-5ABD9991F28F}") = "ドキュメントフォルダの場所を取得する", "ドキュメントフォルダの場所を取得する\ドキュメントフォルダの場所を取得する.vbproj", "{D02ECAD1-CC48-4D77-9760-F4A46AE31A44}"
EndProject
Global
	GlobalSection(SolutionConfigurationPlatforms) = preSolution
		Debug|Any CPU = Debug|Any CPU
		Release|Any CPU = Release|Any CPU
	EndGlobalSection
	GlobalSection(ProjectConfigurationPlatforms) = postSolution
		{D02ECAD1-CC48-4D77-9760-F4A46AE31A44}.Debug|Any CPU.ActiveCfg = Debug|Any CPU
		{D02ECAD1-CC48-4D77-9760-F4A46AE31A44}.Debug|Any CPU.Build.0 = Debug|Any CPU
		{D02ECAD1-CC48-4D77-9760-F4A46AE31A44}.Release|Any CPU.ActiveCfg = Release|Any CPU
		{D02ECAD1-CC48-4D77-9760-F4A46AE31A44}.Release|Any CPU.Build.0 = Release|Any CPU
	EndGlobalSection
	GlobalSection(SolutionProperties) = preSolution
		HideSolutionNode = FALSE
	EndGlobalSection
	GlobalSection(ExtensibilityGlobals) = postSolution
		SolutionGuid = {9781DE2C-F6E0-44C9-AEA7-D6E5B090A1EF}
	EndGlobalSection
EndGlobal
