
Microsoft Visual Studio Solution File, Format Version 12.00
# Visual Studio 15
VisualStudioVersion = 15.0.28307.329
MinimumVisualStudioVersion = 10.0.40219.1
Project("{F184B08F-C81C-45F6-A57F-5ABD9991F28F}") = "ピクチャーボックスに画像を表示・非表示にする", "ピクチャーボックスに画像を表示・非表示にする\ピクチャーボックスに画像を表示・非表示にする.vbproj", "{1C88C42D-2D41-42B6-9D7C-F3EF9BC30AD5}"
EndProject
Global
	GlobalSection(SolutionConfigurationPlatforms) = preSolution
		Debug|Any CPU = Debug|Any CPU
		Release|Any CPU = Release|Any CPU
	EndGlobalSection
	GlobalSection(ProjectConfigurationPlatforms) = postSolution
		{1C88C42D-2D41-42B6-9D7C-F3EF9BC30AD5}.Debug|Any CPU.ActiveCfg = Debug|Any CPU
		{1C88C42D-2D41-42B6-9D7C-F3EF9BC30AD5}.Debug|Any CPU.Build.0 = Debug|Any CPU
		{1C88C42D-2D41-42B6-9D7C-F3EF9BC30AD5}.Release|Any CPU.ActiveCfg = Release|Any CPU
		{1C88C42D-2D41-42B6-9D7C-F3EF9BC30AD5}.Release|Any CPU.Build.0 = Release|Any CPU
	EndGlobalSection
	GlobalSection(SolutionProperties) = preSolution
		HideSolutionNode = FALSE
	EndGlobalSection
	GlobalSection(ExtensibilityGlobals) = postSolution
		SolutionGuid = {B473F158-7C52-4653-B9CB-AF248791C68D}
	EndGlobalSection
EndGlobal
