
Microsoft Visual Studio Solution File, Format Version 12.00
# Visual Studio 15
VisualStudioVersion = 15.0.28307.329
MinimumVisualStudioVersion = 10.0.40219.1
Project("{F184B08F-C81C-45F6-A57F-5ABD9991F28F}") = "リッチテキストボックスのフォントと色を設定する", "リッチテキストボックスのフォントと色を設定する\リッチテキストボックスのフォントと色を設定する.vbproj", "{5A70DA03-1ED5-49B6-BE01-D0D430ECA6C5}"
EndProject
Global
	GlobalSection(SolutionConfigurationPlatforms) = preSolution
		Debug|Any CPU = Debug|Any CPU
		Release|Any CPU = Release|Any CPU
	EndGlobalSection
	GlobalSection(ProjectConfigurationPlatforms) = postSolution
		{5A70DA03-1ED5-49B6-BE01-D0D430ECA6C5}.Debug|Any CPU.ActiveCfg = Debug|Any CPU
		{5A70DA03-1ED5-49B6-BE01-D0D430ECA6C5}.Debug|Any CPU.Build.0 = Debug|Any CPU
		{5A70DA03-1ED5-49B6-BE01-D0D430ECA6C5}.Release|Any CPU.ActiveCfg = Release|Any CPU
		{5A70DA03-1ED5-49B6-BE01-D0D430ECA6C5}.Release|Any CPU.Build.0 = Release|Any CPU
	EndGlobalSection
	GlobalSection(SolutionProperties) = preSolution
		HideSolutionNode = FALSE
	EndGlobalSection
	GlobalSection(ExtensibilityGlobals) = postSolution
		SolutionGuid = {4B7DDC62-3B13-41D9-B800-0260A28BCB0A}
	EndGlobalSection
EndGlobal
