
Microsoft Visual Studio Solution File, Format Version 12.00
# Visual Studio 15
VisualStudioVersion = 15.0.28307.329
MinimumVisualStudioVersion = 10.0.40219.1
Project("{F184B08F-C81C-45F6-A57F-5ABD9991F28F}") = "データセットのテーブルにレコードを追加する", "データセットのテーブルにレコードを追加する\データセットのテーブルにレコードを追加する.vbproj", "{0AC00C67-A314-4543-9746-2274F5081520}"
EndProject
Global
	GlobalSection(SolutionConfigurationPlatforms) = preSolution
		Debug|Any CPU = Debug|Any CPU
		Release|Any CPU = Release|Any CPU
	EndGlobalSection
	GlobalSection(ProjectConfigurationPlatforms) = postSolution
		{0AC00C67-A314-4543-9746-2274F5081520}.Debug|Any CPU.ActiveCfg = Debug|Any CPU
		{0AC00C67-A314-4543-9746-2274F5081520}.Debug|Any CPU.Build.0 = Debug|Any CPU
		{0AC00C67-A314-4543-9746-2274F5081520}.Release|Any CPU.ActiveCfg = Release|Any CPU
		{0AC00C67-A314-4543-9746-2274F5081520}.Release|Any CPU.Build.0 = Release|Any CPU
	EndGlobalSection
	GlobalSection(SolutionProperties) = preSolution
		HideSolutionNode = FALSE
	EndGlobalSection
	GlobalSection(ExtensibilityGlobals) = postSolution
		SolutionGuid = {142F4720-D486-4726-B5FF-15328B0793D9}
	EndGlobalSection
EndGlobal
