
Microsoft Visual Studio Solution File, Format Version 12.00
# Visual Studio 15
VisualStudioVersion = 15.0.28307.329
MinimumVisualStudioVersion = 10.0.40219.1
Project("{F184B08F-C81C-45F6-A57F-5ABD9991F28F}") = "リンクラベルの使用", "リンクラベルの使用\リンクラベルの使用.vbproj", "{A90BFD85-04A5-4A9F-A5BD-7A073E78E8DF}"
EndProject
Global
	GlobalSection(SolutionConfigurationPlatforms) = preSolution
		Debug|Any CPU = Debug|Any CPU
		Release|Any CPU = Release|Any CPU
	EndGlobalSection
	GlobalSection(ProjectConfigurationPlatforms) = postSolution
		{A90BFD85-04A5-4A9F-A5BD-7A073E78E8DF}.Debug|Any CPU.ActiveCfg = Debug|Any CPU
		{A90BFD85-04A5-4A9F-A5BD-7A073E78E8DF}.Debug|Any CPU.Build.0 = Debug|Any CPU
		{A90BFD85-04A5-4A9F-A5BD-7A073E78E8DF}.Release|Any CPU.ActiveCfg = Release|Any CPU
		{A90BFD85-04A5-4A9F-A5BD-7A073E78E8DF}.Release|Any CPU.Build.0 = Release|Any CPU
	EndGlobalSection
	GlobalSection(SolutionProperties) = preSolution
		HideSolutionNode = FALSE
	EndGlobalSection
	GlobalSection(ExtensibilityGlobals) = postSolution
		SolutionGuid = {E5AB4ECA-D02B-427F-BC9C-AEB1450427E0}
	EndGlobalSection
EndGlobal
