
Microsoft Visual Studio Solution File, Format Version 12.00
# Visual Studio 15
VisualStudioVersion = 15.0.28307.329
MinimumVisualStudioVersion = 10.0.40219.1
Project("{F184B08F-C81C-45F6-A57F-5ABD9991F28F}") = "リストボックスの中でチェックボックスを使う", "リストボックスの中でチェックボックスを使う\リストボックスの中でチェックボックスを使う.vbproj", "{D5ABE20C-8CFB-425D-8136-0534FD17775A}"
EndProject
Global
	GlobalSection(SolutionConfigurationPlatforms) = preSolution
		Debug|Any CPU = Debug|Any CPU
		Release|Any CPU = Release|Any CPU
	EndGlobalSection
	GlobalSection(ProjectConfigurationPlatforms) = postSolution
		{D5ABE20C-8CFB-425D-8136-0534FD17775A}.Debug|Any CPU.ActiveCfg = Debug|Any CPU
		{D5ABE20C-8CFB-425D-8136-0534FD17775A}.Debug|Any CPU.Build.0 = Debug|Any CPU
		{D5ABE20C-8CFB-425D-8136-0534FD17775A}.Release|Any CPU.ActiveCfg = Release|Any CPU
		{D5ABE20C-8CFB-425D-8136-0534FD17775A}.Release|Any CPU.Build.0 = Release|Any CPU
	EndGlobalSection
	GlobalSection(SolutionProperties) = preSolution
		HideSolutionNode = FALSE
	EndGlobalSection
	GlobalSection(ExtensibilityGlobals) = postSolution
		SolutionGuid = {35E15161-EE63-4B1D-B20A-489C0A2A4F8B}
	EndGlobalSection
EndGlobal
