
Microsoft Visual Studio Solution File, Format Version 12.00
# Visual Studio 15
VisualStudioVersion = 15.0.28307.329
MinimumVisualStudioVersion = 10.0.40219.1
Project("{F184B08F-C81C-45F6-A57F-5ABD9991F28F}") = "文字列の長さを求める", "文字列の長さを求める\文字列の長さを求める.vbproj", "{06520BA8-0C06-4C15-B6A7-F76B596A26FF}"
EndProject
Global
	GlobalSection(SolutionConfigurationPlatforms) = preSolution
		Debug|Any CPU = Debug|Any CPU
		Release|Any CPU = Release|Any CPU
	EndGlobalSection
	GlobalSection(ProjectConfigurationPlatforms) = postSolution
		{06520BA8-0C06-4C15-B6A7-F76B596A26FF}.Debug|Any CPU.ActiveCfg = Debug|Any CPU
		{06520BA8-0C06-4C15-B6A7-F76B596A26FF}.Debug|Any CPU.Build.0 = Debug|Any CPU
		{06520BA8-0C06-4C15-B6A7-F76B596A26FF}.Release|Any CPU.ActiveCfg = Release|Any CPU
		{06520BA8-0C06-4C15-B6A7-F76B596A26FF}.Release|Any CPU.Build.0 = Release|Any CPU
	EndGlobalSection
	GlobalSection(SolutionProperties) = preSolution
		HideSolutionNode = FALSE
	EndGlobalSection
	GlobalSection(ExtensibilityGlobals) = postSolution
		SolutionGuid = {CFE01B80-1C7E-42F9-83DC-FEE0F0D38016}
	EndGlobalSection
EndGlobal
