
Microsoft Visual Studio Solution File, Format Version 12.00
# Visual Studio 15
VisualStudioVersion = 15.0.28307.329
MinimumVisualStudioVersion = 10.0.40219.1
Project("{F184B08F-C81C-45F6-A57F-5ABD9991F28F}") = "絶対値を求める", "絶対値を求める\絶対値を求める.vbproj", "{75B834D2-1ADB-404C-9249-37E8B73C324E}"
EndProject
Global
	GlobalSection(SolutionConfigurationPlatforms) = preSolution
		Debug|Any CPU = Debug|Any CPU
		Release|Any CPU = Release|Any CPU
	EndGlobalSection
	GlobalSection(ProjectConfigurationPlatforms) = postSolution
		{75B834D2-1ADB-404C-9249-37E8B73C324E}.Debug|Any CPU.ActiveCfg = Debug|Any CPU
		{75B834D2-1ADB-404C-9249-37E8B73C324E}.Debug|Any CPU.Build.0 = Debug|Any CPU
		{75B834D2-1ADB-404C-9249-37E8B73C324E}.Release|Any CPU.ActiveCfg = Release|Any CPU
		{75B834D2-1ADB-404C-9249-37E8B73C324E}.Release|Any CPU.Build.0 = Release|Any CPU
	EndGlobalSection
	GlobalSection(SolutionProperties) = preSolution
		HideSolutionNode = FALSE
	EndGlobalSection
	GlobalSection(ExtensibilityGlobals) = postSolution
		SolutionGuid = {97213019-4902-4945-993B-200ECA1BE633}
	EndGlobalSection
EndGlobal
