
Microsoft Visual Studio Solution File, Format Version 12.00
# Visual Studio 15
VisualStudioVersion = 15.0.28307.329
MinimumVisualStudioVersion = 10.0.40219.1
Project("{F184B08F-C81C-45F6-A57F-5ABD9991F28F}") = "データセットにデータベースのデータを取得する", "データセットにデータベースのデータを取得する\データセットにデータベースのデータを取得する.vbproj", "{AE6754E7-7B56-43AC-AF7F-46EF845CFE99}"
EndProject
Global
	GlobalSection(SolutionConfigurationPlatforms) = preSolution
		Debug|Any CPU = Debug|Any CPU
		Release|Any CPU = Release|Any CPU
	EndGlobalSection
	GlobalSection(ProjectConfigurationPlatforms) = postSolution
		{AE6754E7-7B56-43AC-AF7F-46EF845CFE99}.Debug|Any CPU.ActiveCfg = Debug|Any CPU
		{AE6754E7-7B56-43AC-AF7F-46EF845CFE99}.Debug|Any CPU.Build.0 = Debug|Any CPU
		{AE6754E7-7B56-43AC-AF7F-46EF845CFE99}.Release|Any CPU.ActiveCfg = Release|Any CPU
		{AE6754E7-7B56-43AC-AF7F-46EF845CFE99}.Release|Any CPU.Build.0 = Release|Any CPU
	EndGlobalSection
	GlobalSection(SolutionProperties) = preSolution
		HideSolutionNode = FALSE
	EndGlobalSection
	GlobalSection(ExtensibilityGlobals) = postSolution
		SolutionGuid = {D96A7CC8-0A4D-41F9-8E98-BF9DD6DD7175}
	EndGlobalSection
EndGlobal
