
Microsoft Visual Studio Solution File, Format Version 12.00
# Visual Studio 15
VisualStudioVersion = 15.0.28307.329
MinimumVisualStudioVersion = 10.0.40219.1
Project("{F184B08F-C81C-45F6-A57F-5ABD9991F28F}") = "データセットから条件に合致するデータを取得する", "データセットから条件に合致するデータを取得する\データセットから条件に合致するデータを取得する.vbproj", "{1D4EB844-8FAA-4BE3-B3E6-8368700A7ABE}"
EndProject
Global
	GlobalSection(SolutionConfigurationPlatforms) = preSolution
		Debug|Any CPU = Debug|Any CPU
		Release|Any CPU = Release|Any CPU
	EndGlobalSection
	GlobalSection(ProjectConfigurationPlatforms) = postSolution
		{1D4EB844-8FAA-4BE3-B3E6-8368700A7ABE}.Debug|Any CPU.ActiveCfg = Debug|Any CPU
		{1D4EB844-8FAA-4BE3-B3E6-8368700A7ABE}.Debug|Any CPU.Build.0 = Debug|Any CPU
		{1D4EB844-8FAA-4BE3-B3E6-8368700A7ABE}.Release|Any CPU.ActiveCfg = Release|Any CPU
		{1D4EB844-8FAA-4BE3-B3E6-8368700A7ABE}.Release|Any CPU.Build.0 = Release|Any CPU
	EndGlobalSection
	GlobalSection(SolutionProperties) = preSolution
		HideSolutionNode = FALSE
	EndGlobalSection
	GlobalSection(ExtensibilityGlobals) = postSolution
		SolutionGuid = {5E5F6F22-E80B-485B-A88B-BEDD075E9B01}
	EndGlobalSection
EndGlobal
